PODS:
  - Capacitor (7.4.1):
    - CapacitorCordova
  - CapacitorCordova (7.4.1)
  - CapacitorPushNotifications (7.0.1):
    - Capacitor
  - CapacitorStatusBar (7.0.1):
    - Capacitor

DEPENDENCIES:
  - "Capacitor (from `../../node_modules/@capacitor/ios`)"
  - "CapacitorCordova (from `../../node_modules/@capacitor/ios`)"
  - "CapacitorPushNotifications (from `../../node_modules/@capacitor/push-notifications`)"
  - "CapacitorStatusBar (from `../../node_modules/@capacitor/status-bar`)"

EXTERNAL SOURCES:
  Capacitor:
    :path: "../../node_modules/@capacitor/ios"
  CapacitorCordova:
    :path: "../../node_modules/@capacitor/ios"
  CapacitorPushNotifications:
    :path: "../../node_modules/@capacitor/push-notifications"
  CapacitorStatusBar:
    :path: "../../node_modules/@capacitor/status-bar"

SPEC CHECKSUMS:
  Capacitor: 78ad32d4b0d9dfa25402eb8b0ac46c2b8a4696b8
  CapacitorCordova: 34618fa1b14b6b091fd60a7658f7654044ae8d8a
  CapacitorPushNotifications: 6a2794788c583dd89215f1805ca4bced1b13dbdf
  CapacitorStatusBar: 6e7af040d8fc4dd655999819625cae9c2d74c36f

PODFILE CHECKSUM: 88894f386eb087659c4682903262e82f279dcdd3

COCOAPODS: 1.16.2
